
Microsoft Visual Studio Solution File, Format Version 12.00
# Visual Studio Version 17
VisualStudioVersion = 17.8.34316.72
MinimumVisualStudioVersion = 10.0.40219.1
Project("{FAE04EC0-301F-11D3-BF4B-00C04F79EFBC}") = "NetMedsNunit", "NetMeds\NetMedsNunit.csproj", "{BABC7505-1653-45E4-810E-31FE81267D9B}"
EndProject
Global
	GlobalSection(SolutionConfigurationPlatforms) = preSolution
		Debug|Any CPU = Debug|Any CPU
		Release|Any CPU = Release|Any CPU
	EndGlobalSection
	GlobalSection(ProjectConfigurationPlatforms) = postSolution
		{BABC7505-1653-45E4-810E-31FE81267D9B}.Debug|Any CPU.ActiveCfg = Debug|Any CPU
		{BABC7505-1653-45E4-810E-31FE81267D9B}.Debug|Any CPU.Build.0 = Debug|Any CPU
		{BABC7505-1653-45E4-810E-31FE81267D9B}.Release|Any CPU.ActiveCfg = Release|Any CPU
		{BABC7505-1653-45E4-810E-31FE81267D9B}.Release|Any CPU.Build.0 = Release|Any CPU
	EndGlobalSection
	GlobalSection(SolutionProperties) = preSolution
		HideSolutionNode = FALSE
	EndGlobalSection
	GlobalSection(ExtensibilityGlobals) = postSolution
		SolutionGuid = {A59AE692-B0AA-47A2-B5D5-7175C618A411}
	EndGlobalSection
EndGlobal
